
Microsoft Visual Studio Solution File, Format Version 12.00
# Visual Studio Version 17
VisualStudioVersion = 17.14.36623.8 d17.14
MinimumVisualStudioVersion = 10.0.40219.1
Project("{FAE04EC0-301F-11D3-BF4B-00C04F79EFBC}") = "Debug", "Debug\Debug.csproj", "{64705376-8CF8-4F77-A200-09E46B99BC0A}"
EndProject
Global
	GlobalSection(SolutionConfigurationPlatforms) = preSolution
		Debug|Any CPU = Debug|Any CPU
		Release|Any CPU = Release|Any CPU
	EndGlobalSection
	GlobalSection(ProjectConfigurationPlatforms) = postSolution
		{64705376-8CF8-4F77-A200-09E46B99BC0A}.Debug|Any CPU.ActiveCfg = Debug|Any CPU
		{64705376-8CF8-4F77-A200-09E46B99BC0A}.Debug|Any CPU.Build.0 = Debug|Any CPU
		{64705376-8CF8-4F77-A200-09E46B99BC0A}.Release|Any CPU.ActiveCfg = Release|Any CPU
		{64705376-8CF8-4F77-A200-09E46B99BC0A}.Release|Any CPU.Build.0 = Release|Any CPU
	EndGlobalSection
	GlobalSection(SolutionProperties) = preSolution
		HideSolutionNode = FALSE
	EndGlobalSection
	GlobalSection(ExtensibilityGlobals) = postSolution
		SolutionGuid = {12A1DA6C-1308-405F-A4E6-DB718F07F190}
	EndGlobalSection
EndGlobal
