
Microsoft Visual Studio Solution File, Format Version 12.00
# Visual Studio Version 17
VisualStudioVersion = 17.14.36623.8 d17.14
MinimumVisualStudioVersion = 10.0.40219.1
Project("{FAE04EC0-301F-11D3-BF4B-00C04F79EFBC}") = "EntradaDeDadosPT2", "EntradaDeDadosPT2\EntradaDeDadosPT2.csproj", "{34198D4B-64EA-4D16-BAEC-C0E4D3E5CA32}"
EndProject
Global
	GlobalSection(SolutionConfigurationPlatforms) = preSolution
		Debug|Any CPU = Debug|Any CPU
		Release|Any CPU = Release|Any CPU
	EndGlobalSection
	GlobalSection(ProjectConfigurationPlatforms) = postSolution
		{34198D4B-64EA-4D16-BAEC-C0E4D3E5CA32}.Debug|Any CPU.ActiveCfg = Debug|Any CPU
		{34198D4B-64EA-4D16-BAEC-C0E4D3E5CA32}.Debug|Any CPU.Build.0 = Debug|Any CPU
		{34198D4B-64EA-4D16-BAEC-C0E4D3E5CA32}.Release|Any CPU.ActiveCfg = Release|Any CPU
		{34198D4B-64EA-4D16-BAEC-C0E4D3E5CA32}.Release|Any CPU.Build.0 = Release|Any CPU
	EndGlobalSection
	GlobalSection(SolutionProperties) = preSolution
		HideSolutionNode = FALSE
	EndGlobalSection
	GlobalSection(ExtensibilityGlobals) = postSolution
		SolutionGuid = {37295711-84B2-450F-9F03-D998F75254CE}
	EndGlobalSection
EndGlobal
